
Microsoft Visual Studio Solution File, Format Version 12.00
# Visual Studio Version 16
VisualStudioVersion = 16.0.31911.196
MinimumVisualStudioVersion = 10.0.40219.1
Project("{9A19103F-16F7-4668-BE54-9A1E7A4F7556}") = "OOP_hoc", "OOP_hoc\OOP_hoc.csproj", "{8FD19E12-E9DE-4926-BBB1-D84679EC93E0}"
EndProject
Project("{FAE04EC0-301F-11D3-BF4B-00C04F79EFBC}") = "Cach_1", "Cach_1\Cach_1.csproj", "{29105A91-841C-446D-AC60-46297FCE9C63}"
EndProject
Project("{FAE04EC0-301F-11D3-BF4B-00C04F79EFBC}") = "Cach_2", "Cach_2\Cach_2.csproj", "{19B26A01-9463-45D0-ADCC-5F12FC679866}"
EndProject
Project("{FAE04EC0-301F-11D3-BF4B-00C04F79EFBC}") = "Cach_3", "Cach_3\Cach_3.csproj", "{857EF92B-11EB-48F4-957B-5350E96254AF}"
EndProject
Project("{FAE04EC0-301F-11D3-BF4B-00C04F79EFBC}") = "Cach_4", "Cach_4\Cach_4.csproj", "{7A81B597-31DE-4E83-8A9D-C4BE155F49F2}"
EndProject
Global
	GlobalSection(SolutionConfigurationPlatforms) = preSolution
		Debug|Any CPU = Debug|Any CPU
		Release|Any CPU = Release|Any CPU
	EndGlobalSection
	GlobalSection(ProjectConfigurationPlatforms) = postSolution
		{8FD19E12-E9DE-4926-BBB1-D84679EC93E0}.Debug|Any CPU.ActiveCfg = Debug|Any CPU
		{8FD19E12-E9DE-4926-BBB1-D84679EC93E0}.Debug|Any CPU.Build.0 = Debug|Any CPU
		{8FD19E12-E9DE-4926-BBB1-D84679EC93E0}.Release|Any CPU.ActiveCfg = Release|Any CPU
		{8FD19E12-E9DE-4926-BBB1-D84679EC93E0}.Release|Any CPU.Build.0 = Release|Any CPU
		{29105A91-841C-446D-AC60-46297FCE9C63}.Debug|Any CPU.ActiveCfg = Debug|Any CPU
		{29105A91-841C-446D-AC60-46297FCE9C63}.Debug|Any CPU.Build.0 = Debug|Any CPU
		{29105A91-841C-446D-AC60-46297FCE9C63}.Release|Any CPU.ActiveCfg = Release|Any CPU
		{29105A91-841C-446D-AC60-46297FCE9C63}.Release|Any CPU.Build.0 = Release|Any CPU
		{19B26A01-9463-45D0-ADCC-5F12FC679866}.Debug|Any CPU.ActiveCfg = Debug|Any CPU
		{19B26A01-9463-45D0-ADCC-5F12FC679866}.Debug|Any CPU.Build.0 = Debug|Any CPU
		{19B26A01-9463-45D0-ADCC-5F12FC679866}.Release|Any CPU.ActiveCfg = Release|Any CPU
		{19B26A01-9463-45D0-ADCC-5F12FC679866}.Release|Any CPU.Build.0 = Release|Any CPU
		{857EF92B-11EB-48F4-957B-5350E96254AF}.Debug|Any CPU.ActiveCfg = Debug|Any CPU
		{857EF92B-11EB-48F4-957B-5350E96254AF}.Debug|Any CPU.Build.0 = Debug|Any CPU
		{857EF92B-11EB-48F4-957B-5350E96254AF}.Release|Any CPU.ActiveCfg = Release|Any CPU
		{857EF92B-11EB-48F4-957B-5350E96254AF}.Release|Any CPU.Build.0 = Release|Any CPU
		{7A81B597-31DE-4E83-8A9D-C4BE155F49F2}.Debug|Any CPU.ActiveCfg = Debug|Any CPU
		{7A81B597-31DE-4E83-8A9D-C4BE155F49F2}.Debug|Any CPU.Build.0 = Debug|Any CPU
		{7A81B597-31DE-4E83-8A9D-C4BE155F49F2}.Release|Any CPU.ActiveCfg = Release|Any CPU
		{7A81B597-31DE-4E83-8A9D-C4BE155F49F2}.Release|Any CPU.Build.0 = Release|Any CPU
	EndGlobalSection
	GlobalSection(SolutionProperties) = preSolution
		HideSolutionNode = FALSE
	EndGlobalSection
	GlobalSection(ExtensibilityGlobals) = postSolution
		SolutionGuid = {8AA46C84-6E53-4639-B8F0-855166BA2333}
	EndGlobalSection
EndGlobal
